
Microsoft Visual Studio Solution File, Format Version 12.00
Project("{FAE04EC0-301F-11D3-BF4B-00C04F79EFBC}") = "TP1_BDD_Calculator", "TP1_BDD_Calculator\TP1_BDD_Calculator.csproj", "{21AB9F4A-E342-4C27-B2AC-2267CC99686B}"
EndProject
Project("{FAE04EC0-301F-11D3-BF4B-00C04F79EFBC}") = "CalculatorProject", "CalculatorProject\CalculatorProject.csproj", "{18887DC8-9687-49D7-8095-0CCB0AAAB1EC}"
EndProject
Global
	GlobalSection(SolutionConfigurationPlatforms) = preSolution
		config1|Any CPU = config1|Any CPU
	EndGlobalSection
	GlobalSection(ProjectConfigurationPlatforms) = postSolution
		{18887DC8-9687-49D7-8095-0CCB0AAAB1EC}.config1|Any CPU.ActiveCfg = config1|Any CPU
		{18887DC8-9687-49D7-8095-0CCB0AAAB1EC}.config1|Any CPU.Build.0 = config1|Any CPU
		{21AB9F4A-E342-4C27-B2AC-2267CC99686B}.config1|Any CPU.ActiveCfg = config1|Any CPU
		{21AB9F4A-E342-4C27-B2AC-2267CC99686B}.config1|Any CPU.Build.0 = config1|Any CPU
	EndGlobalSection
EndGlobal
